
Microsoft Visual Studio Solution File, Format Version 12.00
# Visual Studio Version 18
VisualStudioVersion = 18.3.11312.210
MinimumVisualStudioVersion = 10.0.40219.1
Project("{FAE04EC0-301F-11D3-BF4B-00C04F79EFBC}") = "ApartmentManagementSystem.Domain", "ApartmentManagementSystem.Domain\ApartmentManagementSystem.Domain.csproj", "{C4E46C54-ECF4-4852-8F15-B6E18D8F6F9F}"
EndProject
Project("{FAE04EC0-301F-11D3-BF4B-00C04F79EFBC}") = "ApartmentManagementSystem.Application", "ApartmentManagementSystem.Application\ApartmentManagementSystem.Application.csproj", "{2AD06B0D-A449-4594-AEC1-162839A34F85}"
EndProject
Project("{FAE04EC0-301F-11D3-BF4B-00C04F79EFBC}") = "ApartmentManagementSystem.Infrastructure", "ApartmentManagementSystem.Infrastructure\ApartmentManagementSystem.Infrastructure.csproj", "{A988A496-65B0-4B32-936F-3F73F0723B6F}"
EndProject
Project("{FAE04EC0-301F-11D3-BF4B-00C04F79EFBC}") = "ApartmentManagementSystem.API", "ApartmentManagementSystem.API\ApartmentManagementSystem.API.csproj", "{C75727FC-5085-407F-BA3F-FA761C88E73A}"
EndProject
Project("{FAE04EC0-301F-11D3-BF4B-00C04F79EFBC}") = "ApartmentManagementSystem.Tests", "ApartmentManagementSystem.Tests\ApartmentManagementSystem.Tests.csproj", "{71F7BC56-02A4-4F55-AB2C-4BC2BE7A2B8B}"
EndProject
Global
	GlobalSection(SolutionConfigurationPlatforms) = preSolution
		Debug|Any CPU = Debug|Any CPU
		Release|Any CPU = Release|Any CPU
	EndGlobalSection
	GlobalSection(ProjectConfigurationPlatforms) = postSolution
		{C4E46C54-ECF4-4852-8F15-B6E18D8F6F9F}.Debug|Any CPU.ActiveCfg = Debug|Any CPU
		{C4E46C54-ECF4-4852-8F15-B6E18D8F6F9F}.Debug|Any CPU.Build.0 = Debug|Any CPU
		{C4E46C54-ECF4-4852-8F15-B6E18D8F6F9F}.Release|Any CPU.ActiveCfg = Release|Any CPU
		{C4E46C54-ECF4-4852-8F15-B6E18D8F6F9F}.Release|Any CPU.Build.0 = Release|Any CPU
		{2AD06B0D-A449-4594-AEC1-162839A34F85}.Debug|Any CPU.ActiveCfg = Debug|Any CPU
		{2AD06B0D-A449-4594-AEC1-162839A34F85}.Debug|Any CPU.Build.0 = Debug|Any CPU
		{2AD06B0D-A449-4594-AEC1-162839A34F85}.Release|Any CPU.ActiveCfg = Release|Any CPU
		{2AD06B0D-A449-4594-AEC1-162839A34F85}.Release|Any CPU.Build.0 = Release|Any CPU
		{A988A496-65B0-4B32-936F-3F73F0723B6F}.Debug|Any CPU.ActiveCfg = Debug|Any CPU
		{A988A496-65B0-4B32-936F-3F73F0723B6F}.Debug|Any CPU.Build.0 = Debug|Any CPU
		{A988A496-65B0-4B32-936F-3F73F0723B6F}.Release|Any CPU.ActiveCfg = Release|Any CPU
		{A988A496-65B0-4B32-936F-3F73F0723B6F}.Release|Any CPU.Build.0 = Release|Any CPU
		{C75727FC-5085-407F-BA3F-FA761C88E73A}.Debug|Any CPU.ActiveCfg = Debug|Any CPU
		{C75727FC-5085-407F-BA3F-FA761C88E73A}.Debug|Any CPU.Build.0 = Debug|Any CPU
		{C75727FC-5085-407F-BA3F-FA761C88E73A}.Release|Any CPU.ActiveCfg = Release|Any CPU
		{C75727FC-5085-407F-BA3F-FA761C88E73A}.Release|Any CPU.Build.0 = Release|Any CPU
		{71F7BC56-02A4-4F55-AB2C-4BC2BE7A2B8B}.Debug|Any CPU.ActiveCfg = Debug|Any CPU
		{71F7BC56-02A4-4F55-AB2C-4BC2BE7A2B8B}.Debug|Any CPU.Build.0 = Debug|Any CPU
		{71F7BC56-02A4-4F55-AB2C-4BC2BE7A2B8B}.Release|Any CPU.ActiveCfg = Release|Any CPU
		{71F7BC56-02A4-4F55-AB2C-4BC2BE7A2B8B}.Release|Any CPU.Build.0 = Release|Any CPU
	EndGlobalSection
	GlobalSection(SolutionProperties) = preSolution
		HideSolutionNode = FALSE
	EndGlobalSection
	GlobalSection(ExtensibilityGlobals) = postSolution
		SolutionGuid = {B7E046A3-0C7F-4CC5-AFF7-2E5DD9E634E0}
	EndGlobalSection
EndGlobal
